PODS:
  - IQDropDownTextField (3.0.2)
  - IQKeyboardManager (6.5.6.3)
  - IQKeyboardManagerSwift (6.5.6.4)
  - LookinServer/Core (1.2.8)
  - LookinServer/Swift (1.2.8):
    - LookinServer/Core

DEPENDENCIES:
  - IQDropDownTextField
  - IQKeyboardManager (from `.`)
  - IQKeyboardManagerSwift (from `.`)
  - LookinServer/Swift

SPEC REPOS:
  trunk:
    - IQDropDownTextField
    - LookinServer

EXTERNAL SOURCES:
  IQKeyboardManager:
    :path: "."
  IQKeyboardManagerSwift:
    :path: "."

SPEC CHECKSUMS:
  IQDropDownTextField: 6894c0f8b3acddd1e1bdf167ee23df7a3c30c705
  IQKeyboardManager: a2ffdb09a2937d9967ba4e1defb6f3b335055aad
  IQKeyboardManagerSwift: 563fa185ec750fe0c3725296ac45c6bcfc3ca1b3
  LookinServer: 1b2b61c6402ae29fa22182d48f5cd067b4e99e80

PODFILE CHECKSUM: d86b244992ce021098b7180fb8e30baf74ca4411

COCOAPODS: 1.16.2
